// !$*UTF8*$!
{
	archiveVersion = 1;
	classes = {
	};
	objectVersion = 46;
	objects = {

/* Begin PBXBuildFile section */
		F5BEF1EB1E647C37004BE878 /* main.c in Sources */ = {isa = PBXBuildFile; fileRef = F5BEF1EA1E647C37004BE878 /* main.c */; };
		F5BEF1F31E647CE2004BE878 /* equations.c in Sources */ = {isa = PBXBuildFile; fileRef = F5BEF1F11E647CE2004BE878 /* equations.c */; };
/* End PBXBuildFile section */

/* Begin PBXCopyFilesBuildPhase section */
		F5BEF1E51E647C37004BE878 /* CopyFiles */ = {
			isa = PBXCopyFilesBuildPhase;
			buildActionMask = 2147483647;
			dstPath = /usr/share/man/man1/;
			dstSubfolderSpec = 0;
			files = (
			);
			runOnlyForDeploymentPostprocessing = 1;
		};
/* End PBXCopyFilesBuildPhase section */

/* Begin PBXFileReference section */
		F5BEF1E71E647C37004BE878 /* Eq4SinglePrec */ = {isa = PBXFileReference; explicitFileType = "compiled.mach-o.executable"; includeInIndex = 0; path = Eq4SinglePrec; sourceTree = BUILT_PRODUCTS_DIR; };
		F5BEF1EA1E647C37004BE878 /* main.c */ = {isa = PBXFileReference; lastKnownFileType = sourcecode.c.c; path = main.c; sourceTree = "<group>"; };
		F5BEF1F11E647CE2004BE878 /* equations.c */ = {isa = PBXFileReference; fileEncoding = 4; lastKnownFileType = sourcecode.c.c; path = equations.c; sourceTree = "<group>"; };
		F5BEF1F21E647CE2004BE878 /* equations.h */ = {isa = PBXFileReference; fileEncoding = 4; lastKnownFileType = sourcecode.c.h; path = equations.h; sourceTree = "<group>"; };
/* End PBXFileReference section */

/* Begin PBXFrameworksBuildPhase section */
		F5BEF1E41E647C37004BE878 /* Frameworks */ = {
			isa = PBXFrameworksBuildPhase;
			buildActionMask = 2147483647;
			files = (
			);
			runOnlyForDeploymentPostprocessing = 0;
		};
/* End PBXFrameworksBuildPhase section */

/* Begin PBXGroup section */
		F5BEF1DE1E647C37004BE878 = {
			isa = PBXGroup;
			children = (
				F5BEF1E91E647C37004BE878 /* Eq4SinglePrec */,
				F5BEF1E81E647C37004BE878 /* Products */,
			);
			sourceTree = "<group>";
		};
		F5BEF1E81E647C37004BE878 /* Products */ = {
			isa = PBXGroup;
			children = (
				F5BEF1E71E647C37004BE878 /* Eq4SinglePrec */,
			);
			name = Products;
			sourceTree = "<group>";
		};
		F5BEF1E91E647C37004BE878 /* Eq4SinglePrec */ = {
			isa = PBXGroup;
			children = (
				F5BEF1EA1E647C37004BE878 /* main.c */,
				F5BEF1F11E647CE2004BE878 /* equations.c */,
				F5BEF1F21E647CE2004BE878 /* equations.h */,
			);
			path = Eq4SinglePrec;
			sourceTree = "<group>";
		};
/* End PBXGroup section */

/* Begin PBXNativeTarget section */
		F5BEF1E61E647C37004BE878 /* Eq4SinglePrec */ = {
			isa = PBXNativeTarget;
			buildConfigurationList = F5BEF1EE1E647C37004BE878 /* Build configuration list for PBXNativeTarget "Eq4SinglePrec" */;
			buildPhases = (
				F5BEF1E31E647C37004BE878 /* Sources */,
				F5BEF1E41E647C37004BE878 /* Frameworks */,
				F5BEF1E51E647C37004BE878 /* CopyFiles */,
			);
			buildRules = (
			);
			dependencies = (
			);
			name = Eq4SinglePrec;
			productName = Eq4SinglePrec;
			productReference = F5BEF1E71E647C37004BE878 /* Eq4SinglePrec */;
			productType = "com.apple.product-type.tool";
		};
/* End PBXNativeTarget section */

/* Begin PBXProject section */
		F5BEF1DF1E647C37004BE878 /* Project object */ = {
			isa = PBXProject;
			attributes = {
				LastUpgradeCheck = 0730;
				ORGANIZATIONNAME = Mocsmart;
				TargetAttributes = {
					F5BEF1E61E647C37004BE878 = {
						CreatedOnToolsVersion = 7.3;
					};
				};
			};
			buildConfigurationList = F5BEF1E21E647C37004BE878 /* Build configuration list for PBXProject "Eq4SinglePrec" */;
			compatibilityVersion = "Xcode 3.2";
			developmentRegion = English;
			hasScannedForEncodings = 0;
			knownRegions = (
				en,
			);
			mainGroup = F5BEF1DE1E647C37004BE878;
			productRefGroup = F5BEF1E81E647C37004BE878 /* Products */;
			projectDirPath = "";
			projectRoot = "";
			targets = (
				F5BEF1E61E647C37004BE878 /* Eq4SinglePrec */,
			);
		};
/* End PBXProject section */

/* Begin PBXSourcesBuildPhase section */
		F5BEF1E31E647C37004BE878 /* Sources */ = {
			isa = PBXSourcesBuildPhase;
			buildActionMask = 2147483647;
			files = (
				F5BEF1EB1E647C37004BE878 /* main.c in Sources */,
				F5BEF1F31E647CE2004BE878 /* equations.c in Sources */,
			);
			runOnlyForDeploymentPostprocessing = 0;
		};
/* End PBXSourcesBuildPhase section */

/* Begin XCBuildConfiguration section */
		F5BEF1EC1E647C37004BE878 /* Debug */ = {
			isa = XCBuildConfiguration;
			buildSettings = {
				ALWAYS_SEARCH_USER_PATHS = NO;
				CLANG_ANALYZER_NONNULL = YES;
				CLANG_CXX_LANGUAGE_STANDARD = "gnu++0x";
				CLANG_CXX_LIBRARY = "libc++";
				CLANG_ENABLE_MODULES = YES;
				CLANG_ENABLE_OBJC_ARC = YES;
				CLANG_WARN_BOOL_CONVERSION = YES;
				CLANG_WARN_CONSTANT_CONVERSION = YES;
				CLANG_WARN_DIRECT_OBJC_ISA_USAGE = YES_ERROR;
				CLANG_WARN_EMPTY_BODY = YES;
				CLANG_WARN_ENUM_CONVERSION = YES;
				CLANG_WARN_INT_CONVERSION = YES;
				CLANG_WARN_OBJC_ROOT_CLASS = YES_ERROR;
				CLANG_WARN_UNREACHABLE_CODE = YES;
				CLANG_WARN__DUPLICATE_METHOD_MATCH = YES;
				CODE_SIGN_IDENTITY = "-";
				COPY_PHASE_STRIP = NO;
				DEBUG_INFORMATION_FORMAT = dwarf;
				ENABLE_STRICT_OBJC_MSGSEND = YES;
				ENABLE_TESTABILITY = YES;
				GCC_C_LANGUAGE_STANDARD = gnu99;
				GCC_DYNAMIC_NO_PIC = NO;
				GCC_NO_COMMON_BLOCKS = YES;
				GCC_OPTIMIZATION_LEVEL = 0;
				GCC_PREPROCESSOR_DEFINITIONS = (
					"DEBUG=1",
					"$(inherited)",
				);
				GCC_WARN_64_TO_32_BIT_CONVERSION = YES;
				GCC_WARN_ABOUT_RETURN_TYPE = YES_ERROR;
				GCC_WARN_UNDECLARED_SELECTOR = YES;
				GCC_WARN_UNINITIALIZED_AUTOS = YES_AGGRESSIVE;
				GCC_WARN_UNUSED_FUNCTION = YES;
				GCC_WARN_UNUSED_VARIABLE = YES;
				MACOSX_DEPLOYMENT_TARGET = 10.11;
				MTL_ENABLE_DEBUG_INFO = YES;
				ONLY_ACTIVE_ARCH = YES;
				SDKROOT = macosx;
			};
			name = Debug;
		};
		F5BEF1ED1E647C37004BE878 /* Release */ = {
			isa = XCBuildConfiguration;
			buildSettings = {
				ALWAYS_SEARCH_USER_PATHS = NO;
				CLANG_ANALYZER_NONNULL = YES;
				CLANG_CXX_LANGUAGE_STANDARD = "gnu++0x";
				CLANG_CXX_LIBRARY = "libc++";
				CLANG_ENABLE_MODULES = YES;
				CLANG_ENABLE_OBJC_ARC = YES;
				CLANG_WARN_BOOL_CONVERSION = YES;
				CLANG_WARN_CONSTANT_CONVERSION = YES;
				CLANG_WARN_DIRECT_OBJC_ISA_USAGE = YES_ERROR;
				CLANG_WARN_EMPTY_BODY = YES;
				CLANG_WARN_ENUM_CONVERSION = YES;
				CLANG_WARN_INT_CONVERSION = YES;
				CLANG_WARN_OBJC_ROOT_CLASS = YES_ERROR;
				CLANG_WARN_UNREACHABLE_CODE = YES;
				CLANG_WARN__DUPLICATE_METHOD_MATCH = YES;
				CODE_SIGN_IDENTITY = "-";
				COPY_PHASE_STRIP = NO;
				DEBUG_INFORMATION_FORMAT = "dwarf-with-dsym";
				ENABLE_NS_ASSERTIONS = NO;
				ENABLE_STRICT_OBJC_MSGSEND = YES;
				GCC_C_LANGUAGE_STANDARD = gnu99;
				GCC_NO_COMMON_BLOCKS = YES;
				GCC_WARN_64_TO_32_BIT_CONVERSION = YES;
				GCC_WARN_ABOUT_RETURN_TYPE = YES_ERROR;
				GCC_WARN_UNDECLARED_SELECTOR = YES;
				GCC_WARN_UNINITIALIZED_AUTOS = YES_AGGRESSIVE;
				GCC_WARN_UNUSED_FUNCTION = YES;
				GCC_WARN_UNUSED_VARIABLE = YES;
				MACOSX_DEPLOYMENT_TARGET = 10.11;
				MTL_ENABLE_DEBUG_INFO = NO;
				SDKROOT = macosx;
			};
			name = Release;
		};
		F5BEF1EF1E647C37004BE878 /* Debug */ = {
			isa = XCBuildConfiguration;
			buildSettings = {
				PRODUCT_NAME = "$(TARGET_NAME)";
			};
			name = Debug;
		};
		F5BEF1F01E647C37004BE878 /* Release */ = {
			isa = XCBuildConfiguration;
			buildSettings = {
				PRODUCT_NAME = "$(TARGET_NAME)";
			};
			name = Release;
		};
/* End XCBuildConfiguration section */

/* Begin XCConfigurationList section */
		F5BEF1E21E647C37004BE878 /* Build configuration list for PBXProject "Eq4SinglePrec" */ = {
			isa = XCConfigurationList;
			buildConfigurations = (
				F5BEF1EC1E647C37004BE878 /* Debug */,
				F5BEF1ED1E647C37004BE878 /* Release */,
			);
			defaultConfigurationIsVisible = 0;
			defaultConfigurationName = Release;
		};
		F5BEF1EE1E647C37004BE878 /* Build configuration list for PBXNativeTarget "Eq4SinglePrec" */ = {
			isa = XCConfigurationList;
			buildConfigurations = (
				F5BEF1EF1E647C37004BE878 /* Debug */,
				F5BEF1F01E647C37004BE878 /* Release */,
			);
			defaultConfigurationIsVisible = 0;
		};
/* End XCConfigurationList section */
	};
	rootObject = F5BEF1DF1E647C37004BE878 /* Project object */;
}
